
Microsoft Visual Studio Solution File, Format Version 12.00
# Visual Studio Version 16
VisualStudioVersion = 16.0.32413.511
MinimumVisualStudioVersion = 10.0.40219.1
Project("{FAE04EC0-301F-11D3-BF4B-00C04F79EFBC}") = "RIAYATIEPrescriptionAPI", "RIAYATIEPrescriptionAPI\RIAYATIEPrescriptionAPI.csproj", "{AFD76ABA-4210-498C-B52F-D6373B7BE737}"
EndProject
Project("{FAE04EC0-301F-11D3-BF4B-00C04F79EFBC}") = "DomainModel", "DomainModel\DomainModel.csproj", "{00CFA555-A90C-4069-9B3E-7FBD2A412440}"
EndProject
Project("{FAE04EC0-301F-11D3-BF4B-00C04F79EFBC}") = "DataAccess", "DataAccess\DataAccess.csproj", "{83920CB7-9B79-4260-AD68-6E48C4EE3F12}"
EndProject
Project("{FAE04EC0-301F-11D3-BF4B-00C04F79EFBC}") = "ApplicationInsight", "ApplicationInsight\ApplicationInsight.csproj", "{6FB32100-1D41-47FD-8E13-208FB7E64152}"
EndProject
Project("{FAE04EC0-301F-11D3-BF4B-00C04F79EFBC}") = "RIAYATIEPrescriptionHost", "RIAYATIEPrescriptionHost\RIAYATIEPrescriptionHost.csproj", "{9CBD897C-7012-4745-AEDB-1456CF4BA59F}"
EndProject
Project("{54435603-DBB4-11D2-8724-00A0C9A8B90C}") = "SetupInstaller", "SetupInstaller\SetupInstaller.vdproj", "{DEBB3521-C3E1-439B-8D64-FBB98F13C792}"
EndProject
Global
	GlobalSection(SolutionConfigurationPlatforms) = preSolution
		Debug|Any CPU = Debug|Any CPU
		Release|Any CPU = Release|Any CPU
	EndGlobalSection
	GlobalSection(ProjectConfigurationPlatforms) = postSolution
		{AFD76ABA-4210-498C-B52F-D6373B7BE737}.Debug|Any CPU.ActiveCfg = Debug|Any CPU
		{AFD76ABA-4210-498C-B52F-D6373B7BE737}.Debug|Any CPU.Build.0 = Debug|Any CPU
		{AFD76ABA-4210-498C-B52F-D6373B7BE737}.Release|Any CPU.ActiveCfg = Release|Any CPU
		{AFD76ABA-4210-498C-B52F-D6373B7BE737}.Release|Any CPU.Build.0 = Release|Any CPU
		{00CFA555-A90C-4069-9B3E-7FBD2A412440}.Debug|Any CPU.ActiveCfg = Debug|Any CPU
		{00CFA555-A90C-4069-9B3E-7FBD2A412440}.Debug|Any CPU.Build.0 = Debug|Any CPU
		{00CFA555-A90C-4069-9B3E-7FBD2A412440}.Release|Any CPU.ActiveCfg = Release|Any CPU
		{00CFA555-A90C-4069-9B3E-7FBD2A412440}.Release|Any CPU.Build.0 = Release|Any CPU
		{83920CB7-9B79-4260-AD68-6E48C4EE3F12}.Debug|Any CPU.ActiveCfg = Debug|Any CPU
		{83920CB7-9B79-4260-AD68-6E48C4EE3F12}.Debug|Any CPU.Build.0 = Debug|Any CPU
		{83920CB7-9B79-4260-AD68-6E48C4EE3F12}.Release|Any CPU.ActiveCfg = Release|Any CPU
		{83920CB7-9B79-4260-AD68-6E48C4EE3F12}.Release|Any CPU.Build.0 = Release|Any CPU
		{6FB32100-1D41-47FD-8E13-208FB7E64152}.Debug|Any CPU.ActiveCfg = Debug|Any CPU
		{6FB32100-1D41-47FD-8E13-208FB7E64152}.Debug|Any CPU.Build.0 = Debug|Any CPU
		{6FB32100-1D41-47FD-8E13-208FB7E64152}.Release|Any CPU.ActiveCfg = Release|Any CPU
		{6FB32100-1D41-47FD-8E13-208FB7E64152}.Release|Any CPU.Build.0 = Release|Any CPU
		{9CBD897C-7012-4745-AEDB-1456CF4BA59F}.Debug|Any CPU.ActiveCfg = Debug|Any CPU
		{9CBD897C-7012-4745-AEDB-1456CF4BA59F}.Debug|Any CPU.Build.0 = Debug|Any CPU
		{9CBD897C-7012-4745-AEDB-1456CF4BA59F}.Release|Any CPU.ActiveCfg = Release|Any CPU
		{9CBD897C-7012-4745-AEDB-1456CF4BA59F}.Release|Any CPU.Build.0 = Release|Any CPU
		{DEBB3521-C3E1-439B-8D64-FBB98F13C792}.Debug|Any CPU.ActiveCfg = Debug
		{DEBB3521-C3E1-439B-8D64-FBB98F13C792}.Release|Any CPU.ActiveCfg = Release
	EndGlobalSection
	GlobalSection(SolutionProperties) = preSolution
		HideSolutionNode = FALSE
	EndGlobalSection
	GlobalSection(ExtensibilityGlobals) = postSolution
		SolutionGuid = {DD5AEFEF-093F-47F5-9868-8D19CC47ABD9}
	EndGlobalSection
EndGlobal
